{
  "requires": true,
  "lockfileVersion": 1,
  "dependencies": {
    "vant-weapp": {
      "version": "0.5.10",
      "resolved": "https://registry.npmjs.org/vant-weapp/-/vant-weapp-0.5.10.tgz",
      "integrity": "sha512-JO7TGEps/e3jrcRo1g+JZ+IyvGymgMVUrlJT0Jb2uf8he2mokskQehJWFKg0rzcuuQWPSfca73k59MTaOkQlmQ=="
    },
    "wxapp-api-interceptors": {
      "version": "1.4.3",
      "resolved": "https://registry.npmjs.org/wxapp-api-interceptors/-/wxapp-api-interceptors-1.4.3.tgz",
      "integrity": "sha512-9s0bJM1bO2tsh+1X+7shLboHu7+Q6SbtgQIsY1Xfoeq2HIp+ShMF2M3ttceC7fTrvM+VUcL3McFLwhJIC7dbJg=="
    }
  }
}
